{
  "version": 1,
  "upstream": {
    "url": "https://github.com/cloudQuant/akshare.git",
    "commit": "c4f6a631c259783dbc2507b6b27d179b3e88079d"
  },
  "files": [
    {
      "path": "__init__.py",
      "upstream_path": "akshare/__init__.py",
      "sha256": "42391b2448bbe670a7d1bc8f20d57d40b415793d1dc883d3bb81735ecd20b362",
      "manual_edits": false
    },
    {
      "path": "_version.py",
      "upstream_path": "akshare/_version.py",
      "sha256": "aabe70222b650cd3bd59acd84ae8e31bf5b88d841e9d6a3a2a688aa6b24ffaf2",
      "manual_edits": false
    },
    {
      "path": "datasets.py",
      "upstream_path": "akshare/datasets.py",
      "sha256": "acab91359aea8ba20cb19f67caf3b7471d368ecd2d1f7ccc2e3cfc1d0340a0f4",
      "manual_edits": true
    },
    {
      "path": "exceptions.py",
      "upstream_path": "akshare/exceptions.py",
      "sha256": "5842632214a627fc57356ea0af05789ee7c4fdc7e69b2ba19ae7951a23755408",
      "manual_edits": false
    },
    {
      "path": "file_fold/__init__.py",
      "upstream_path": "akshare/file_fold/__init__.py",
      "sha256": "44c4dfd5b4f910e137b6d5a99f7846bb52ed526b15c43a1ad16ed6d205c73b2f",
      "manual_edits": false
    },
    {
      "path": "file_fold/calendar.json",
      "upstream_path": "akshare/file_fold/calendar.json",
      "sha256": "f1f1ce33c5cceb5c530c3271fc951405cb5624d2f30becec85dc7a85fd47e656",
      "manual_edits": false
    },
    {
      "path": "index/__init__.py",
      "upstream_path": "akshare/index/__init__.py",
      "sha256": "44c4dfd5b4f910e137b6d5a99f7846bb52ed526b15c43a1ad16ed6d205c73b2f",
      "manual_edits": false
    },
    {
      "path": "index/cons.py",
      "upstream_path": "akshare/index/cons.py",
      "sha256": "b2cb71be1b5d1b79b68a722113681e6599c7a8d2d7acae86ba172a7c8ff313a4",
      "manual_edits": false
    },
    {
      "path": "index/index_cflp.py",
      "upstream_path": "akshare/index/index_cflp.py",
      "sha256": "1d62a2eba9868af0b97d489601a669edfc149db75557bfd244d15219b7e0bce9",
      "manual_edits": false
    },
    {
      "path": "index/index_cni.py",
      "upstream_path": "akshare/index/index_cni.py",
      "sha256": "422d323130e94dab91d6610584554fddc5c16beed576862229892398ff80f0b6",
      "manual_edits": false
    },
    {
      "path": "index/index_cons.py",
      "upstream_path": "akshare/index/index_cons.py",
      "sha256": "b2ca1599163bdfa34b59039a449a28cc30ec81ab057a94f7c39bedbdf2a75fed",
      "manual_edits": false
    },
    {
      "path": "index/index_csindex.py",
      "upstream_path": "akshare/index/index_csindex.py",
      "sha256": "f8bbe4ba0c4da6f1c213c5d0cea26e6df7611d914220602b5bdb0ecdea5d387c",
      "manual_edits": false
    },
    {
      "path": "index/index_cx.py",
      "upstream_path": "akshare/index/index_cx.py",
      "sha256": "8cb1977deda12ca7ade32608d99a876ab25fd15cf1be5117cf5decde1169af1e",
      "manual_edits": false
    },
    {
      "path": "index/index_drewry.py",
      "upstream_path": "akshare/index/index_drewry.py",
      "sha256": "04ced5e8ff0ae10505400aec75a591bb9a89519682a32373f7bfdbf1d98b782c",
      "manual_edits": false
    },
    {
      "path": "index/index_eri.py",
      "upstream_path": "akshare/index/index_eri.py",
      "sha256": "375c8fdbf9f4e1608827fbdd3dbef0e7175234c21da26aa0678dd683af61cedb",
      "manual_edits": false
    },
    {
      "path": "index/index_global_em.py",
      "upstream_path": "akshare/index/index_global_em.py",
      "sha256": "f5d5d680541eb8fd14bc5b0cc5eaac11ac10bc2dd188e723014ed117783038dd",
      "manual_edits": false
    },
    {
      "path": "index/index_global_sina.py",
      "upstream_path": "akshare/index/index_global_sina.py",
      "sha256": "340a2850a0faba20720fdfd8fb32e4d59662b5ae9699c07752445337abf82141",
      "manual_edits": false
    },
    {
      "path": "index/index_hog.py",
      "upstream_path": "akshare/index/index_hog.py",
      "sha256": "91bf3aec155a82def4ff2719327db692ce59f639556cc8ae4ecbeae728237a28",
      "manual_edits": false
    },
    {
      "path": "index/index_kq_fz.py",
      "upstream_path": "akshare/index/index_kq_fz.py",
      "sha256": "c1316ac475886e2ad0ba800f145e17d62471a8d1c625264ac5a5b9a151a31b6e",
      "manual_edits": false
    },
    {
      "path": "index/index_kq_ss.py",
      "upstream_path": "akshare/index/index_kq_ss.py",
      "sha256": "54b8692926b53094c57e46230fb679a08f293bfe0d6d622972c9f837bb0213ce",
      "manual_edits": false
    },
    {
      "path": "index/index_option_qvix.py",
      "upstream_path": "akshare/index/index_option_qvix.py",
      "sha256": "d4791ea2ab60a058244adc75422196f737177ddc899b1f1b4e59db6645697dc6",
      "manual_edits": false
    },
    {
      "path": "index/index_research_fund_sw.py",
      "upstream_path": "akshare/index/index_research_fund_sw.py",
      "sha256": "22c5f0945d5bea3630491089580989dc900b0b25e86925c5c1ebef5319d329df",
      "manual_edits": false
    },
    {
      "path": "index/index_research_sw.py",
      "upstream_path": "akshare/index/index_research_sw.py",
      "sha256": "cbcc7cd07417fb0d5467b3ffce5890158614be39d0f39d5efd86d5668a78bf2a",
      "manual_edits": false
    },
    {
      "path": "index/index_spot.py",
      "upstream_path": "akshare/index/index_spot.py",
      "sha256": "99e4c14c2a760cf5535ff377aa908bb6423ed2add786b27782774dba044118a8",
      "manual_edits": false
    },
    {
      "path": "index/index_stock_hk.py",
      "upstream_path": "akshare/index/index_stock_hk.py",
      "sha256": "da70b36ab5245969cd48532f1d1e01031d02eb2cef9cdfdd32e283085da1f6be",
      "manual_edits": false
    },
    {
      "path": "index/index_stock_us_sina.py",
      "upstream_path": "akshare/index/index_stock_us_sina.py",
      "sha256": "2313a4e06e3da1ab2fec47c441e9cbf7e18bb9e97252eb3a73824fc9195a3b36",
      "manual_edits": false
    },
    {
      "path": "index/index_stock_zh.py",
      "upstream_path": "akshare/index/index_stock_zh.py",
      "sha256": "bb136b769235fedb58f9eb900330195b97aa34b3082d44747a7285061dc9fdb6",
      "manual_edits": false
    },
    {
      "path": "index/index_stock_zh_csindex.py",
      "upstream_path": "akshare/index/index_stock_zh_csindex.py",
      "sha256": "b115680c3f9f8ada8032e0ecd173e6d680b3da767641392f36cc0bd56bd7a70a",
      "manual_edits": false
    },
    {
      "path": "index/index_sugar.py",
      "upstream_path": "akshare/index/index_sugar.py",
      "sha256": "16ca26699ab80a4b44dd4e0646433c73c6e62ee3b3bc34b988f9ad6e8c678825",
      "manual_edits": false
    },
    {
      "path": "index/index_sw.py",
      "upstream_path": "akshare/index/index_sw.py",
      "sha256": "94d0aaf8e3453772d901a56bb7a9c8b41d21c7d854d917d3440cd5d271afb580",
      "manual_edits": false
    },
    {
      "path": "index/index_yw.py",
      "upstream_path": "akshare/index/index_yw.py",
      "sha256": "a50a05ffd1cfd4c10dde69c8d315322cd67de8a9ccf644292300343f9e49379d",
      "manual_edits": false
    },
    {
      "path": "index/index_zh_a_scope.py",
      "upstream_path": "akshare/index/index_zh_a_scope.py",
      "sha256": "f5f126381be50271ab508937bee44cfd6aadb310d80c8059a48fc898ac01da03",
      "manual_edits": false
    },
    {
      "path": "index/index_zh_em.py",
      "upstream_path": "akshare/index/index_zh_em.py",
      "sha256": "9783e29bb93a1201276296114ecfe875067f7d5addd6a0a87da3fd58f013db78",
      "manual_edits": false
    },
    {
      "path": "pro/__init__.py",
      "upstream_path": "akshare/pro/__init__.py",
      "sha256": "e3b0c44298fc1c149afbf4c8996fb92427ae41e4649b934ca495991b7852b855",
      "manual_edits": false
    },
    {
      "path": "pro/client.py",
      "upstream_path": "akshare/pro/client.py",
      "sha256": "5e2013e6e10a42b62e820d4c8a511dc972672624b0bd2d7771fb51f18638b600",
      "manual_edits": false
    },
    {
      "path": "pro/cons.py",
      "upstream_path": "akshare/pro/cons.py",
      "sha256": "6574ee8a19773de8fce0ed7b61d146d52a8f85f0fa750477e0fa7c20a6a4ee84",
      "manual_edits": false
    },
    {
      "path": "pro/data_pro.py",
      "upstream_path": "akshare/pro/data_pro.py",
      "sha256": "5cba6a6993543dd74e05c14ad6306f7f800e6271c9027a1e122b53b34980035d",
      "manual_edits": false
    },
    {
      "path": "request.py",
      "upstream_path": "akshare/request.py",
      "sha256": "ec5bd1f864a1cceeea367405c154edf302b6743d8e1d75f17221b998dc618f45",
      "manual_edits": false
    },
    {
      "path": "stock/__init__.py",
      "upstream_path": "akshare/stock/__init__.py",
      "sha256": "8d26bddbad1de9a3596a3696ebc7212369a93e40d25cb3a08b7797aeaa38310f",
      "manual_edits": false
    },
    {
      "path": "stock/cons.py",
      "upstream_path": "akshare/stock/cons.py",
      "sha256": "89600a5738e0f6f1a58b23edec409e0c1e3892fe18418eeafa015de674ec6f8b",
      "manual_edits": true
    },
    {
      "path": "stock/stock_allotment_cninfo.py",
      "upstream_path": "akshare/stock/stock_allotment_cninfo.py",
      "sha256": "3958d5756a765d544d6c9bd582d8155680663c1260041e11c8822003ff501ccf",
      "manual_edits": false
    },
    {
      "path": "stock/stock_ask_bid_em.py",
      "upstream_path": "akshare/stock/stock_ask_bid_em.py",
      "sha256": "6e8ed5364a753e62b867e18f66e567fc8f8801dcde5bc72cdd6ffbe4aa1dc428",
      "manual_edits": false
    },
    {
      "path": "stock/stock_board_concept_em.py",
      "upstream_path": "akshare/stock/stock_board_concept_em.py",
      "sha256": "0bfb52c0dda759a75781ee89d879e7f938e8add4498063951d3831168d6fe685",
      "manual_edits": false
    },
    {
      "path": "stock/stock_board_industry_em.py",
      "upstream_path": "akshare/stock/stock_board_industry_em.py",
      "sha256": "d64d9666ca6c84b61ea77562b67cd83a2a7298f7c1e99018e333756b9a431796",
      "manual_edits": false
    },
    {
      "path": "stock/stock_cg_equity_mortgage.py",
      "upstream_path": "akshare/stock/stock_cg_equity_mortgage.py",
      "sha256": "fd2ffb80eb65d59e519aa14f285704a903d1909d43ab6ca975297acd05699fdd",
      "manual_edits": false
    },
    {
      "path": "stock/stock_cg_guarantee.py",
      "upstream_path": "akshare/stock/stock_cg_guarantee.py",
      "sha256": "b6ceea710861c8dd4f1c1ed0e1794c9f7f0785f56fb9b3af932f5165f9943fde",
      "manual_edits": false
    },
    {
      "path": "stock/stock_cg_lawsuit.py",
      "upstream_path": "akshare/stock/stock_cg_lawsuit.py",
      "sha256": "644f74740e6407c5ea2f79d028d4115deac79ee64e179e700117480898237119",
      "manual_edits": false
    },
    {
      "path": "stock/stock_dividend_cninfo.py",
      "upstream_path": "akshare/stock/stock_dividend_cninfo.py",
      "sha256": "a3d548dd1296cb5c565ae9ad1a2f60a49209bcf49f3153193425cce6ad8b2914",
      "manual_edits": false
    },
    {
      "path": "stock/stock_dzjy_em.py",
      "upstream_path": "akshare/stock/stock_dzjy_em.py",
      "sha256": "0cacf03a0d81b504631c424ce3e6aa450a9368df0c58b0c769b66f73317d1ff7",
      "manual_edits": false
    },
    {
      "path": "stock/stock_fund_em.py",
      "upstream_path": "akshare/stock/stock_fund_em.py",
      "sha256": "3f59c10ac49760659d233486c20d0d17908a3976ca3190e52699d5de97a94e6b",
      "manual_edits": false
    },
    {
      "path": "stock/stock_fund_hold.py",
      "upstream_path": "akshare/stock/stock_fund_hold.py",
      "sha256": "625bf24d68210b6fe2ccc07b90b59549442fadaba1a6f964aa15a52daa92ceae",
      "manual_edits": false
    },
    {
      "path": "stock/stock_gsrl_em.py",
      "upstream_path": "akshare/stock/stock_gsrl_em.py",
      "sha256": "2c5f3c3451eb5b8b635304f70a5a19c689a77ee238f61eee0a647f46981dcbfd",
      "manual_edits": false
    },
    {
      "path": "stock/stock_hk_comparison_em.py",
      "upstream_path": "akshare/stock/stock_hk_comparison_em.py",
      "sha256": "bd73dfaad00e7894a4ffe102bc750d275daca182bb521788cb57ce9b9276f033",
      "manual_edits": false
    },
    {
      "path": "stock/stock_hk_famous.py",
      "upstream_path": "akshare/stock/stock_hk_famous.py",
      "sha256": "2540468929eb95ea406e0ba046a0bae9c6d2a7da4a3388d43a86a430633d236b",
      "manual_edits": false
    },
    {
      "path": "stock/stock_hk_fhpx_ths.py",
      "upstream_path": "akshare/stock/stock_hk_fhpx_ths.py",
      "sha256": "68c2958e183b9c479729b54fb2aec191d4deda1a68d498511ee5b13ee2e55684",
      "manual_edits": false
    },
    {
      "path": "stock/stock_hk_hot_rank_em.py",
      "upstream_path": "akshare/stock/stock_hk_hot_rank_em.py",
      "sha256": "397766d37016ff833b56e59c89abaafed97414e91bd58962e056e7bb3e24a785",
      "manual_edits": false
    },
    {
      "path": "stock/stock_hk_sina.py",
      "upstream_path": "akshare/stock/stock_hk_sina.py",
      "sha256": "bf20327adc7883738603b0199ebf3bcdf13e4a4ce94acbcfbe6ddc9ed7451207",
      "manual_edits": false
    },
    {
      "path": "stock/stock_hold_control_cninfo.py",
      "upstream_path": "akshare/stock/stock_hold_control_cninfo.py",
      "sha256": "2750865f5b59db650974e5809040f5f68eef744d741e47bdd5c11b88dd512184",
      "manual_edits": false
    },
    {
      "path": "stock/stock_hold_control_em.py",
      "upstream_path": "akshare/stock/stock_hold_control_em.py",
      "sha256": "cc91fe1d76f2e09093b90c36d3c6b519bde5cfb9b187bfe0dbee7d9cc9875d36",
      "manual_edits": false
    },
    {
      "path": "stock/stock_hold_num_cninfo.py",
      "upstream_path": "akshare/stock/stock_hold_num_cninfo.py",
      "sha256": "258f4b7193218538821df409bf8a7032b2eba54c532862c4e28443ea9bdf96c5",
      "manual_edits": false
    },
    {
      "path": "stock/stock_hot_rank_em.py",
      "upstream_path": "akshare/stock/stock_hot_rank_em.py",
      "sha256": "92d4476f1cac96be96b6352fd4ab9b711916894d012c10f15421464aaf8ef1d8",
      "manual_edits": false
    },
    {
      "path": "stock/stock_hot_search_baidu.py",
      "upstream_path": "akshare/stock/stock_hot_search_baidu.py",
      "sha256": "1781dcdf56d1c93e1614c791b1ae3f860abc933a601f5311a4c48c3f7aa9275e",
      "manual_edits": false
    },
    {
      "path": "stock/stock_hot_up_em.py",
      "upstream_path": "akshare/stock/stock_hot_up_em.py",
      "sha256": "692575408a5378b2e4b876c1e863f5d00f1515709f72a2d5dc7ba64537638880",
      "manual_edits": false
    },
    {
      "path": "stock/stock_hsgt_em.py",
      "upstream_path": "akshare/stock/stock_hsgt_em.py",
      "sha256": "b88e3373c22c53daef2dc217e786a8e7c9ae3bdd0c8684b9100d9479336afd29",
      "manual_edits": false
    },
    {
      "path": "stock/stock_industry.py",
      "upstream_path": "akshare/stock/stock_industry.py",
      "sha256": "806f05c3294ab2d2e02ff96f33409649081cb1dee97be6b8a0249dcc2af86c4a",
      "manual_edits": false
    },
    {
      "path": "stock/stock_industry_cninfo.py",
      "upstream_path": "akshare/stock/stock_industry_cninfo.py",
      "sha256": "faa80a58409c91db04377a39079edabc163b42b21668954146c384d7e8044e16",
      "manual_edits": false
    },
    {
      "path": "stock/stock_industry_pe_cninfo.py",
      "upstream_path": "akshare/stock/stock_industry_pe_cninfo.py",
      "sha256": "970fb807b6395e9e1377e813bb70d6cdb1b125ca925367ad88c9675849af103a",
      "manual_edits": false
    },
    {
      "path": "stock/stock_industry_sw.py",
      "upstream_path": "akshare/stock/stock_industry_sw.py",
      "sha256": "66266f02bd7c31a95dde8b3393d513fdd3fba755084dc695f891b00556b5ab6d",
      "manual_edits": false
    },
    {
      "path": "stock/stock_info.py",
      "upstream_path": "akshare/stock/stock_info.py",
      "sha256": "6d69fb52d46a539003e1e155bd2117a56a9221eb19c6ca12bb32ede8d3c591e4",
      "manual_edits": false
    },
    {
      "path": "stock/stock_info_em.py",
      "upstream_path": "akshare/stock/stock_info_em.py",
      "sha256": "3264436193901655cccf914560327ceb7fc7dbf919785984da6451ca5ea5d33f",
      "manual_edits": false
    },
    {
      "path": "stock/stock_intraday_em.py",
      "upstream_path": "akshare/stock/stock_intraday_em.py",
      "sha256": "22dbeed8e8a576a1c511647ace84cf01ad71051219f277f946384920e4478a9e",
      "manual_edits": false
    },
    {
      "path": "stock/stock_intraday_sina.py",
      "upstream_path": "akshare/stock/stock_intraday_sina.py",
      "sha256": "eb197e670f797238d4515f440be99b89973d17c5b454e2d24e536f1007954de5",
      "manual_edits": false
    },
    {
      "path": "stock/stock_ipo_summary_cninfo.py",
      "upstream_path": "akshare/stock/stock_ipo_summary_cninfo.py",
      "sha256": "31afb9e06b0e3a1456c6294b1fe4269b45556e925019fd9758a689f0d0528006",
      "manual_edits": false
    },
    {
      "path": "stock/stock_new_cninfo.py",
      "upstream_path": "akshare/stock/stock_new_cninfo.py",
      "sha256": "e99869bae7bd990c0a4694ce3e9ac28d6c6789b6c33ba8bb7e5b20ed739a442d",
      "manual_edits": false
    },
    {
      "path": "stock/stock_news_cx.py",
      "upstream_path": "akshare/stock/stock_news_cx.py",
      "sha256": "05489bddcca2835bd76cbb917a361d13e4dcd6936578203507e01815ca5eb272",
      "manual_edits": false
    },
    {
      "path": "stock/stock_profile_cninfo.py",
      "upstream_path": "akshare/stock/stock_profile_cninfo.py",
      "sha256": "520507dc62b9d97976e6cdd62179459954e52b30dde901a24d38e3d25f862ac9",
      "manual_edits": false
    },
    {
      "path": "stock/stock_profile_em.py",
      "upstream_path": "akshare/stock/stock_profile_em.py",
      "sha256": "a31844428bb098315c5c8bb7ebde8887ec126f0193b8f5fcaa3d614b1a6a1690",
      "manual_edits": false
    },
    {
      "path": "stock/stock_rank_forecast.py",
      "upstream_path": "akshare/stock/stock_rank_forecast.py",
      "sha256": "e54d1f6b8b7386a2abc3990345a8540854ab6eb131fda46d96a66ada6a5e25a5",
      "manual_edits": false
    },
    {
      "path": "stock/stock_repurchase_em.py",
      "upstream_path": "akshare/stock/stock_repurchase_em.py",
      "sha256": "e827bd95ad12ee2d048c54c69f482ff759f0ceca8a6b6869c115334bb38a8b96",
      "manual_edits": false
    },
    {
      "path": "stock/stock_share_changes_cninfo.py",
      "upstream_path": "akshare/stock/stock_share_changes_cninfo.py",
      "sha256": "b22cb83e266062e3509f98d4520d86ec2c99ff2bee5cd8b73155031617b99e96",
      "manual_edits": false
    },
    {
      "path": "stock/stock_share_hold.py",
      "upstream_path": "akshare/stock/stock_share_hold.py",
      "sha256": "870551b3895946e9103f76a753d2f4f4e1727e5e22463f9d312b120dbe434a16",
      "manual_edits": false
    },
    {
      "path": "stock/stock_stop.py",
      "upstream_path": "akshare/stock/stock_stop.py",
      "sha256": "59116f9e57489a4c0d23c6fc637900752e946baf43506e6ce6794a1d96afed1d",
      "manual_edits": false
    },
    {
      "path": "stock/stock_summary.py",
      "upstream_path": "akshare/stock/stock_summary.py",
      "sha256": "d543f024d2e90e4b86d94265d7353b34037de8b891f0752ef376a4f0842c4319",
      "manual_edits": false
    },
    {
      "path": "stock/stock_us_famous.py",
      "upstream_path": "akshare/stock/stock_us_famous.py",
      "sha256": "8e26d5a34ce1f4e68fb2a0435459d901d1677c9ca5a0479cc24bae02a755a807",
      "manual_edits": false
    },
    {
      "path": "stock/stock_us_js.py",
      "upstream_path": "akshare/stock/stock_us_js.py",
      "sha256": "56578651becaf8d8e65b78cc3d17368f01d733408cab823354cf64529c144434",
      "manual_edits": false
    },
    {
      "path": "stock/stock_us_pink.py",
      "upstream_path": "akshare/stock/stock_us_pink.py",
      "sha256": "91d9fec8c05ec09534388d9a491a5d0d1bdd3c225955253391b10f3a934c29db",
      "manual_edits": false
    },
    {
      "path": "stock/stock_us_sina.py",
      "upstream_path": "akshare/stock/stock_us_sina.py",
      "sha256": "06548a314bf642ff5faf526450a175e96d118c49044f715ae2fc3b876768ac58",
      "manual_edits": false
    },
    {
      "path": "stock/stock_weibo_nlp.py",
      "upstream_path": "akshare/stock/stock_weibo_nlp.py",
      "sha256": "fa4ee0cc0bac6fcfc3e25d2b73a6cecd0df1e1bd9d1415c9da180e9edc0419cf",
      "manual_edits": false
    },
    {
      "path": "stock/stock_xq.py",
      "upstream_path": "akshare/stock/stock_xq.py",
      "sha256": "711a3c06728751f74d745d8902c2bae57f0b122b166668b5eabd4d85578396c4",
      "manual_edits": false
    },
    {
      "path": "stock/stock_zh_a_sina.py",
      "upstream_path": "akshare/stock/stock_zh_a_sina.py",
      "sha256": "a3acc94625983ec233b769d36afe742107dd865588ccf3799b582babd72de2b8",
      "manual_edits": false
    },
    {
      "path": "stock/stock_zh_a_special.py",
      "upstream_path": "akshare/stock/stock_zh_a_special.py",
      "sha256": "136054ef714bc8e0bedcb71788b115428b19e95beeeac220a3e11eeba933cd33",
      "manual_edits": false
    },
    {
      "path": "stock/stock_zh_a_tick_163.py",
      "upstream_path": "akshare/stock/stock_zh_a_tick_163.py",
      "sha256": "7af1d9423f626d6934c7cb6cc29dc5736600612348790a746b8c7fa4c58f000a",
      "manual_edits": false
    },
    {
      "path": "stock/stock_zh_a_tick_tx.py",
      "upstream_path": "akshare/stock/stock_zh_a_tick_tx.py",
      "sha256": "f873a2962a400b3f851195a59125f2f651fc03e069373b8b0dc5ebfd1bfa7584",
      "manual_edits": false
    },
    {
      "path": "stock/stock_zh_a_tx.py",
      "upstream_path": "akshare/stock/stock_zh_a_tx.py",
      "sha256": "3ae12ea8f9298d3e175903e667f6222c195c4cf7875ef9c8bb7f7f60fca1c7da",
      "manual_edits": false
    },
    {
      "path": "stock/stock_zh_ah_tx.py",
      "upstream_path": "akshare/stock/stock_zh_ah_tx.py",
      "sha256": "ac7ec852d56a6f074a08f1a1462eeff156e7de2f7f7eda5d39a77efb9bd3d3c0",
      "manual_edits": false
    },
    {
      "path": "stock/stock_zh_b_sina.py",
      "upstream_path": "akshare/stock/stock_zh_b_sina.py",
      "sha256": "90b648e13cf016e5cb2659a32623e0ffd08bbf9b7809910aa9dc0bbfbe4adbca",
      "manual_edits": false
    },
    {
      "path": "stock/stock_zh_comparison_em.py",
      "upstream_path": "akshare/stock/stock_zh_comparison_em.py",
      "sha256": "317782e8c97eed39a8c6f412bab3b7503c33a6bce3d7914800a74e34295930c5",
      "manual_edits": false
    },
    {
      "path": "stock/stock_zh_kcb_report.py",
      "upstream_path": "akshare/stock/stock_zh_kcb_report.py",
      "sha256": "ef3468bcd1aa5eb3c862d523f42de2be56337e2b9d91a78136260f625cc35a44",
      "manual_edits": false
    },
    {
      "path": "stock/stock_zh_kcb_sina.py",
      "upstream_path": "akshare/stock/stock_zh_kcb_sina.py",
      "sha256": "64a168caaf58fba2e106860445ce0eaafe6adcb9699deee7803219702b3c62ad",
      "manual_edits": false
    },
    {
      "path": "stock_feature/stock_hist_em.py",
      "upstream_path": "akshare/stock_feature/stock_hist_em.py",
      "sha256": "292477c55d31fc627bd0ba744e6f90fda9f1ee498f9242c4254be034a5e84efb",
      "manual_edits": false
    },
    {
      "path": "stock_fundamental/__init__.py",
      "upstream_path": "akshare/stock_fundamental/__init__.py",
      "sha256": "ba6b5d135e757456cb7d7973580a871d58bcca3e2534f96ad70457d50e4230d3",
      "manual_edits": false
    },
    {
      "path": "stock_fundamental/stock_basic_info_xq.py",
      "upstream_path": "akshare/stock_fundamental/stock_basic_info_xq.py",
      "sha256": "e53a67e091573a32e58a04f0769cbc29e5774fc7982deb3410a1d6506c3b045d",
      "manual_edits": false
    },
    {
      "path": "stock_fundamental/stock_finance_hk_em.py",
      "upstream_path": "akshare/stock_fundamental/stock_finance_hk_em.py",
      "sha256": "892b4e17d7fb7b488fc77a7aaa65dd14e04373b2249f72d1fa9fcd1a1f630bc8",
      "manual_edits": false
    },
    {
      "path": "stock_fundamental/stock_finance_sina.py",
      "upstream_path": "akshare/stock_fundamental/stock_finance_sina.py",
      "sha256": "6e3604e1a8673f94bc75becaac08b3689c7deedf8a6ae1ca73ed9a45c0b6a66f",
      "manual_edits": false
    },
    {
      "path": "stock_fundamental/stock_finance_ths.py",
      "upstream_path": "akshare/stock_fundamental/stock_finance_ths.py",
      "sha256": "cee9f881cf0207f47b50e88ea15790c2b69edd8b2bd94107f529496cf8a07da2",
      "manual_edits": false
    },
    {
      "path": "stock_fundamental/stock_finance_us_em.py",
      "upstream_path": "akshare/stock_fundamental/stock_finance_us_em.py",
      "sha256": "9396d618e2e2e3c8cae3c6e611d53acbc29c7409b680da5af8ff93d16523a9d1",
      "manual_edits": false
    },
    {
      "path": "stock_fundamental/stock_gbjg_em.py",
      "upstream_path": "akshare/stock_fundamental/stock_gbjg_em.py",
      "sha256": "83717cd733fca9751a05ab4167647e28c5272d4639069ecd32c311cea9b2bdbb",
      "manual_edits": false
    },
    {
      "path": "stock_fundamental/stock_hold.py",
      "upstream_path": "akshare/stock_fundamental/stock_hold.py",
      "sha256": "862271da2de1096eca97b90cb382a1d5036fb20fac214391be041a7868ce07e6",
      "manual_edits": false
    },
    {
      "path": "stock_fundamental/stock_ipo_declare.py",
      "upstream_path": "akshare/stock_fundamental/stock_ipo_declare.py",
      "sha256": "3248580203278e572b41c150ac23a5e3f0619fc04b26ccf3fc9da5edcb47ce64",
      "manual_edits": false
    },
    {
      "path": "stock_fundamental/stock_ipo_review.py",
      "upstream_path": "akshare/stock_fundamental/stock_ipo_review.py",
      "sha256": "5a27943847cffbb7af17d309cbc91ac217da0033e86749e7d6d20991f227533e",
      "manual_edits": false
    },
    {
      "path": "stock_fundamental/stock_ipo_ths.py",
      "upstream_path": "akshare/stock_fundamental/stock_ipo_ths.py",
      "sha256": "d4a2960f100086713c93bb91e8982571880fc59d96f81d22887ae6f23b239952",
      "manual_edits": false
    },
    {
      "path": "stock_fundamental/stock_ipo_tutor.py",
      "upstream_path": "akshare/stock_fundamental/stock_ipo_tutor.py",
      "sha256": "97645d3608af2564b40a88aee1c463b068c73e28c6bad52ba928c6c6933e731a",
      "manual_edits": false
    },
    {
      "path": "stock_fundamental/stock_kcb_detail_sse.py",
      "upstream_path": "akshare/stock_fundamental/stock_kcb_detail_sse.py",
      "sha256": "536c38c14b8e4e76afa8d12639d41b4d97e71240dd4acf75b3cd98740eabc0d4",
      "manual_edits": false
    },
    {
      "path": "stock_fundamental/stock_kcb_sse.py",
      "upstream_path": "akshare/stock_fundamental/stock_kcb_sse.py",
      "sha256": "7030819429bb3c9075cc0f57212a6477616acc02678647dba76d5abbc3258b2f",
      "manual_edits": false
    },
    {
      "path": "stock_fundamental/stock_notice.py",
      "upstream_path": "akshare/stock_fundamental/stock_notice.py",
      "sha256": "67070fcd919e65bed727be72e424a6f4650b54ef62d9e8058e667bc1781141bf",
      "manual_edits": false
    },
    {
      "path": "stock_fundamental/stock_profit_forecast_em.py",
      "upstream_path": "akshare/stock_fundamental/stock_profit_forecast_em.py",
      "sha256": "fd9956932cfe16cc252026e393f6221e3470ae52dfb66fe989020f16464cae31",
      "manual_edits": false
    },
    {
      "path": "stock_fundamental/stock_profit_forecast_hk_etnet.py",
      "upstream_path": "akshare/stock_fundamental/stock_profit_forecast_hk_etnet.py",
      "sha256": "534039a11aae33f6b8533f767b5ed93ccf21fb8fe57ba4393786c58b5c95f45c",
      "manual_edits": false
    },
    {
      "path": "stock_fundamental/stock_profit_forecast_ths.py",
      "upstream_path": "akshare/stock_fundamental/stock_profit_forecast_ths.py",
      "sha256": "f1fccf1b205cc564afa1aed46647bd6c39fb3f49de48aae48c701e85580b1c93",
      "manual_edits": false
    },
    {
      "path": "stock_fundamental/stock_recommend.py",
      "upstream_path": "akshare/stock_fundamental/stock_recommend.py",
      "sha256": "a75595170784ca84ca48688a04557cb7114a7fa667c3d4b622ce6db1ba4b3aea",
      "manual_edits": false
    },
    {
      "path": "stock_fundamental/stock_register_em.py",
      "upstream_path": "akshare/stock_fundamental/stock_register_em.py",
      "sha256": "64521bb25681718d58e76bf1032a1ef3318e4032988900e82b3377fe7f085b2c",
      "manual_edits": false
    },
    {
      "path": "stock_fundamental/stock_restricted_em.py",
      "upstream_path": "akshare/stock_fundamental/stock_restricted_em.py",
      "sha256": "7b91b7a226417fd77f6bcaae5f99cbce7dd1820785e325f78fe8779c06414660",
      "manual_edits": false
    },
    {
      "path": "stock_fundamental/stock_zygc.py",
      "upstream_path": "akshare/stock_fundamental/stock_zygc.py",
      "sha256": "84b82d66641ae210627ff029f20981d987fff8401edea07f5083e19088b6faa9",
      "manual_edits": false
    },
    {
      "path": "stock_fundamental/stock_zyjs_ths.py",
      "upstream_path": "akshare/stock_fundamental/stock_zyjs_ths.py",
      "sha256": "e5a9e249ff56a7e8f47ec0a76bd74153c480d8ce021d3a4df8600152fe985943",
      "manual_edits": false
    },
    {
      "path": "utils/__init__.py",
      "upstream_path": "akshare/utils/__init__.py",
      "sha256": "1db2943f6bd90296de2b63d36553bf9beea4014ca67c3c26db2bf72abe11ff50",
      "manual_edits": false
    },
    {
      "path": "utils/cons.py",
      "upstream_path": "akshare/utils/cons.py",
      "sha256": "3c56677641b794c5b542183ec2a719992a30157c1052c61808b653e2cd579307",
      "manual_edits": false
    },
    {
      "path": "utils/context.py",
      "upstream_path": "akshare/utils/context.py",
      "sha256": "1e5e243d4cd0d4279c473bb926f4caa53a6230b7f30336331bb179864b65b024",
      "manual_edits": false
    },
    {
      "path": "utils/demjson.py",
      "upstream_path": "akshare/utils/demjson.py",
      "sha256": "c53d1f7149035569232eab97d2b4089029a98d2b9e16ea744de5ef33f7a29465",
      "manual_edits": false
    },
    {
      "path": "utils/func.py",
      "upstream_path": "akshare/utils/func.py",
      "sha256": "9a3511623dda4cdb4a3906e2c100d4cffe7d29a5a21555c8e0ca2f4ef7a1395f",
      "manual_edits": false
    },
    {
      "path": "utils/multi_decrypt.py",
      "upstream_path": "akshare/utils/multi_decrypt.py",
      "sha256": "696a0bda210f7ae5c7260f3e9fb3ad30a8b12e72217f37a90028317eb7e6401e",
      "manual_edits": false
    },
    {
      "path": "utils/request.py",
      "upstream_path": "akshare/utils/request.py",
      "sha256": "54affea122c27a456d0631d61324da8f268df62ecb297d138dea60c099c7ca59",
      "manual_edits": false
    },
    {
      "path": "utils/token_process.py",
      "upstream_path": "akshare/utils/token_process.py",
      "sha256": "9c6b609d9191a6b5c99212d71fc99c507e13808170cec4ce6f411a10f6b412ea",
      "manual_edits": false
    },
    {
      "path": "utils/tqdm.py",
      "upstream_path": "akshare/utils/tqdm.py",
      "sha256": "32e3cdc1cb3090e1a3c1640e3165e2f59bd0fd1996e286c25918f68bb1ccec51",
      "manual_edits": false
    }
  ]
}
