{
  "version": 1,
  "upstream": {
    "url": "https://github.com/cloudQuant/akshare.git",
    "commit": "c4f6a631c259783dbc2507b6b27d179b3e88079d"
  },
  "files": [
    {
      "path": "file_fold/__init__.py",
      "upstream_path": "akshare/file_fold/__init__.py",
      "sha256": "44c4dfd5b4f910e137b6d5a99f7846bb52ed526b15c43a1ad16ed6d205c73b2f",
      "manual_edits": false
    },
    {
      "path": "file_fold/calendar.json",
      "upstream_path": "akshare/file_fold/calendar.json",
      "sha256": "f1f1ce33c5cceb5c530c3271fc951405cb5624d2f30becec85dc7a85fd47e656",
      "manual_edits": false
    },
    {
      "path": "pro/__init__.py",
      "upstream_path": "akshare/pro/__init__.py",
      "sha256": "e3b0c44298fc1c149afbf4c8996fb92427ae41e4649b934ca495991b7852b855",
      "manual_edits": false
    },
    {
      "path": "pro/client.py",
      "upstream_path": "akshare/pro/client.py",
      "sha256": "5e2013e6e10a42b62e820d4c8a511dc972672624b0bd2d7771fb51f18638b600",
      "manual_edits": false
    },
    {
      "path": "pro/cons.py",
      "upstream_path": "akshare/pro/cons.py",
      "sha256": "6574ee8a19773de8fce0ed7b61d146d52a8f85f0fa750477e0fa7c20a6a4ee84",
      "manual_edits": false
    },
    {
      "path": "pro/data_pro.py",
      "upstream_path": "akshare/pro/data_pro.py",
      "sha256": "5cba6a6993543dd74e05c14ad6306f7f800e6271c9027a1e122b53b34980035d",
      "manual_edits": false
    },
    {
      "path": "utils/__init__.py",
      "upstream_path": "akshare/utils/__init__.py",
      "sha256": "1db2943f6bd90296de2b63d36553bf9beea4014ca67c3c26db2bf72abe11ff50",
      "manual_edits": false
    },
    {
      "path": "utils/cons.py",
      "upstream_path": "akshare/utils/cons.py",
      "sha256": "3c56677641b794c5b542183ec2a719992a30157c1052c61808b653e2cd579307",
      "manual_edits": false
    },
    {
      "path": "utils/context.py",
      "upstream_path": "akshare/utils/context.py",
      "sha256": "1e5e243d4cd0d4279c473bb926f4caa53a6230b7f30336331bb179864b65b024",
      "manual_edits": false
    },
    {
      "path": "utils/demjson.py",
      "upstream_path": "akshare/utils/demjson.py",
      "sha256": "c53d1f7149035569232eab97d2b4089029a98d2b9e16ea744de5ef33f7a29465",
      "manual_edits": false
    },
    {
      "path": "utils/func.py",
      "upstream_path": "akshare/utils/func.py",
      "sha256": "9a3511623dda4cdb4a3906e2c100d4cffe7d29a5a21555c8e0ca2f4ef7a1395f",
      "manual_edits": false
    },
    {
      "path": "utils/multi_decrypt.py",
      "upstream_path": "akshare/utils/multi_decrypt.py",
      "sha256": "696a0bda210f7ae5c7260f3e9fb3ad30a8b12e72217f37a90028317eb7e6401e",
      "manual_edits": false
    },
    {
      "path": "utils/request.py",
      "upstream_path": "akshare/utils/request.py",
      "sha256": "54affea122c27a456d0631d61324da8f268df62ecb297d138dea60c099c7ca59",
      "manual_edits": false
    },
    {
      "path": "utils/token_process.py",
      "upstream_path": "akshare/utils/token_process.py",
      "sha256": "9c6b609d9191a6b5c99212d71fc99c507e13808170cec4ce6f411a10f6b412ea",
      "manual_edits": false
    },
    {
      "path": "utils/tqdm.py",
      "upstream_path": "akshare/utils/tqdm.py",
      "sha256": "32e3cdc1cb3090e1a3c1640e3165e2f59bd0fd1996e286c25918f68bb1ccec51",
      "manual_edits": false
    }
  ]
}
